
Microsoft Visual Studio Solution File, Format Version 12.00
# Visual Studio Version 17
VisualStudioVersion = 17.9.34728.123
MinimumVisualStudioVersion = 10.0.40219.1
Project("{FAE04EC0-301F-11D3-BF4B-00C04F79EFBC}") = "MakeConst", "MakeConst\MakeConst\MakeConst.csproj", "{B62C2171-8EC9-4B3F-856A-00F0A28B978E}"
EndProject
Project("{FAE04EC0-301F-11D3-BF4B-00C04F79EFBC}") = "MakeConst.CodeFixes", "MakeConst\MakeConst.CodeFixes\MakeConst.CodeFixes.csproj", "{4A24279A-6571-4381-AE12-4BB3ACECBDAC}"
EndProject
Project("{FAE04EC0-301F-11D3-BF4B-00C04F79EFBC}") = "MakeConst.Package", "MakeConst\MakeConst.Package\MakeConst.Package.csproj", "{10F293BE-8018-4999-9C81-D07AA509E79F}"
EndProject
Project("{FAE04EC0-301F-11D3-BF4B-00C04F79EFBC}") = "MakeConst.Test", "MakeConst\MakeConst.Test\MakeConst.Test.csproj", "{411D6ACD-C598-41DC-B7E6-BB0E8A39144C}"
EndProject
Project("{FAE04EC0-301F-11D3-BF4B-00C04F79EFBC}") = "MakeConst.Vsix", "MakeConst\MakeConst.Vsix\MakeConst.Vsix.csproj", "{36B03311-8611-4D74-9799-0351C87077F9}"
EndProject
Global
	GlobalSection(SolutionConfigurationPlatforms) = preSolution
		Debug|Any CPU = Debug|Any CPU
		Release|Any CPU = Release|Any CPU
	EndGlobalSection
	GlobalSection(ProjectConfigurationPlatforms) = postSolution
		{B62C2171-8EC9-4B3F-856A-00F0A28B978E}.Debug|Any CPU.ActiveCfg = Debug|Any CPU
		{B62C2171-8EC9-4B3F-856A-00F0A28B978E}.Debug|Any CPU.Build.0 = Debug|Any CPU
		{B62C2171-8EC9-4B3F-856A-00F0A28B978E}.Release|Any CPU.ActiveCfg = Release|Any CPU
		{B62C2171-8EC9-4B3F-856A-00F0A28B978E}.Release|Any CPU.Build.0 = Release|Any CPU
		{4A24279A-6571-4381-AE12-4BB3ACECBDAC}.Debug|Any CPU.ActiveCfg = Debug|Any CPU
		{4A24279A-6571-4381-AE12-4BB3ACECBDAC}.Debug|Any CPU.Build.0 = Debug|Any CPU
		{4A24279A-6571-4381-AE12-4BB3ACECBDAC}.Release|Any CPU.ActiveCfg = Release|Any CPU
		{4A24279A-6571-4381-AE12-4BB3ACECBDAC}.Release|Any CPU.Build.0 = Release|Any CPU
		{10F293BE-8018-4999-9C81-D07AA509E79F}.Debug|Any CPU.ActiveCfg = Debug|Any CPU
		{10F293BE-8018-4999-9C81-D07AA509E79F}.Debug|Any CPU.Build.0 = Debug|Any CPU
		{10F293BE-8018-4999-9C81-D07AA509E79F}.Release|Any CPU.ActiveCfg = Release|Any CPU
		{10F293BE-8018-4999-9C81-D07AA509E79F}.Release|Any CPU.Build.0 = Release|Any CPU
		{411D6ACD-C598-41DC-B7E6-BB0E8A39144C}.Debug|Any CPU.ActiveCfg = Debug|Any CPU
		{411D6ACD-C598-41DC-B7E6-BB0E8A39144C}.Debug|Any CPU.Build.0 = Debug|Any CPU
		{411D6ACD-C598-41DC-B7E6-BB0E8A39144C}.Release|Any CPU.ActiveCfg = Release|Any CPU
		{411D6ACD-C598-41DC-B7E6-BB0E8A39144C}.Release|Any CPU.Build.0 = Release|Any CPU
		{36B03311-8611-4D74-9799-0351C87077F9}.Debug|Any CPU.ActiveCfg = Debug|Any CPU
		{36B03311-8611-4D74-9799-0351C87077F9}.Debug|Any CPU.Build.0 = Debug|Any CPU
		{36B03311-8611-4D74-9799-0351C87077F9}.Release|Any CPU.ActiveCfg = Release|Any CPU
		{36B03311-8611-4D74-9799-0351C87077F9}.Release|Any CPU.Build.0 = Release|Any CPU
	EndGlobalSection
	GlobalSection(SolutionProperties) = preSolution
		HideSolutionNode = FALSE
	EndGlobalSection
	GlobalSection(ExtensibilityGlobals) = postSolution
		SolutionGuid = {ABE920C1-E959-45CC-8952-C6CC6DC5FE3B}
	EndGlobalSection
EndGlobal
